
Microsoft Visual Studio Solution File, Format Version 12.00
# Visual Studio Version 16
VisualStudioVersion = 16.0.30225.117
MinimumVisualStudioVersion = 10.0.40219.1
Project("{F184B08F-C81C-45F6-A57F-5ABD9991F28F}") = "APIGitSolution", "APIGitSolution\APIGitSolution.vbproj", "{1D6F0E9E-0080-4F3A-BB0E-2589EA16CBBB}"
EndProject
Project("{F184B08F-C81C-45F6-A57F-5ABD9991F28F}") = "APIGitSolution.Tests", "APIGitSolution.Tests\APIGitSolution.Tests.vbproj", "{58FFC56D-46ED-41D8-AAF8-3FC4827CD611}"
EndProject
Global
	GlobalSection(SolutionConfigurationPlatforms) = preSolution
		Debug|Any CPU = Debug|Any CPU
		Release|Any CPU = Release|Any CPU
	EndGlobalSection
	GlobalSection(ProjectConfigurationPlatforms) = postSolution
		{1D6F0E9E-0080-4F3A-BB0E-2589EA16CBBB}.Debug|Any CPU.ActiveCfg = Debug|Any CPU
		{1D6F0E9E-0080-4F3A-BB0E-2589EA16CBBB}.Debug|Any CPU.Build.0 = Debug|Any CPU
		{1D6F0E9E-0080-4F3A-BB0E-2589EA16CBBB}.Release|Any CPU.ActiveCfg = Release|Any CPU
		{1D6F0E9E-0080-4F3A-BB0E-2589EA16CBBB}.Release|Any CPU.Build.0 = Release|Any CPU
		{58FFC56D-46ED-41D8-AAF8-3FC4827CD611}.Debug|Any CPU.ActiveCfg = Debug|Any CPU
		{58FFC56D-46ED-41D8-AAF8-3FC4827CD611}.Debug|Any CPU.Build.0 = Debug|Any CPU
		{58FFC56D-46ED-41D8-AAF8-3FC4827CD611}.Release|Any CPU.ActiveCfg = Release|Any CPU
		{58FFC56D-46ED-41D8-AAF8-3FC4827CD611}.Release|Any CPU.Build.0 = Release|Any CPU
	EndGlobalSection
	GlobalSection(SolutionProperties) = preSolution
		HideSolutionNode = FALSE
	EndGlobalSection
	GlobalSection(ExtensibilityGlobals) = postSolution
		SolutionGuid = {5FABAF24-21A8-4ABE-8B27-A88BDCFC8C9B}
	EndGlobalSection
EndGlobal
